// !$*UTF8*$!
{
	archiveVersion = 1;
	classes = {
	};
	objectVersion = 51;
	objects = {

/* Begin PBXBuildFile section */
		05A968D826B91E8100DC509C /* ProximaNovaExCn-Thin.ttf in Resources */ = {isa = PBXBuildFile; fileRef = 05A968AE26B91E7F00DC509C /* ProximaNovaExCn-Thin.ttf */; };
		05A968D926B91E8100DC509C /* ProximaNovaCond-Light.ttf in Resources */ = {isa = PBXBuildFile; fileRef = 05A968AF26B91E7F00DC509C /* ProximaNovaCond-Light.ttf */; };
		05A968DA26B91E8100DC509C /* ProximaNovaCond-BoldIt.ttf in Resources */ = {isa = PBXBuildFile; fileRef = 05A968B026B91E8000DC509C /* ProximaNovaCond-BoldIt.ttf */; };
		05A968DB26B91E8100DC509C /* ProximaNovaCond-SemiboldIt.ttf in Resources */ = {isa = PBXBuildFile; fileRef = 05A968B126B91E8000DC509C /* ProximaNovaCond-SemiboldIt.ttf */; };
		05A968DC26B91E8100DC509C /* ProximaNova-Regular.ttf in Resources */ = {isa = PBXBuildFile; fileRef = 05A968B226B91E8000DC509C /* ProximaNova-Regular.ttf */; };
		05A968DD26B91E8100DC509C /* ProximaNova-Extrabld.ttf in Resources */ = {isa = PBXBuildFile; fileRef = 05A968B326B91E8000DC509C /* ProximaNova-Extrabld.ttf */; };
		05A968DE26B91E8100DC509C /* ProximaNovaExCn-ThinIt.ttf in Resources */ = {isa = PBXBuildFile; fileRef = 05A968B426B91E8000DC509C /* ProximaNovaExCn-ThinIt.ttf */; };
		05A968DF26B91E8100DC509C /* ProximaNova-LightIt.ttf in Resources */ = {isa = PBXBuildFile; fileRef = 05A968B526B91E8000DC509C /* ProximaNova-LightIt.ttf */; };
		05A968E026B91E8100DC509C /* ProximaNovaCond-Regular.ttf in Resources */ = {isa = PBXBuildFile; fileRef = 05A968B626B91E8000DC509C /* ProximaNovaCond-Regular.ttf */; };
		05A968E126B91E8100DC509C /* ProximaNovaCond-ExtrabldIt.ttf in Resources */ = {isa = PBXBuildFile; fileRef = 05A968B726B91E8000DC509C /* ProximaNovaCond-ExtrabldIt.ttf */; };
		05A968E226B91E8100DC509C /* ProximaNova-BlackIt.ttf in Resources */ = {isa = PBXBuildFile; fileRef = 05A968B826B91E8000DC509C /* ProximaNova-BlackIt.ttf */; };
		05A968E326B91E8100DC509C /* ProximaNovaExCn-BlackIt.ttf in Resources */ = {isa = PBXBuildFile; fileRef = 05A968B926B91E8000DC509C /* ProximaNovaExCn-BlackIt.ttf */; };
		05A968E426B91E8100DC509C /* ProximaNovaCond-ThinIt.ttf in Resources */ = {isa = PBXBuildFile; fileRef = 05A968BA26B91E8000DC509C /* ProximaNovaCond-ThinIt.ttf */; };
		05A968E526B91E8100DC509C /* ProximaNovaExCn-Extrabld.ttf in Resources */ = {isa = PBXBuildFile; fileRef = 05A968BB26B91E8000DC509C /* ProximaNovaExCn-Extrabld.ttf */; };
		05A968E626B91E8100DC509C /* ProximaNovaExCn-ExtrabldIt.ttf in Resources */ = {isa = PBXBuildFile; fileRef = 05A968BC26B91E8000DC509C /* ProximaNovaExCn-ExtrabldIt.ttf */; };
		05A968E726B91E8100DC509C /* ProximaNova-SemiboldIt.ttf in Resources */ = {isa = PBXBuildFile; fileRef = 05A968BD26B91E8000DC509C /* ProximaNova-SemiboldIt.ttf */; };
		05A968E826B91E8100DC509C /* ProximaNova-ThinIt.ttf in Resources */ = {isa = PBXBuildFile; fileRef = 05A968BE26B91E8000DC509C /* ProximaNova-ThinIt.ttf */; };
		05A968E926B91E8100DC509C /* ProximaNovaCond-Bold.ttf in Resources */ = {isa = PBXBuildFile; fileRef = 05A968BF26B91E8000DC509C /* ProximaNovaCond-Bold.ttf */; };
		05A968EA26B91E8100DC509C /* ProximaNova-RegularIt.ttf in Resources */ = {isa = PBXBuildFile; fileRef = 05A968C026B91E8000DC509C /* ProximaNova-RegularIt.ttf */; };
		05A968EB26B91E8100DC509C /* ProximaNovaExCn-Black.ttf in Resources */ = {isa = PBXBuildFile; fileRef = 05A968C126B91E8000DC509C /* ProximaNovaExCn-Black.ttf */; };
		05A968EC26B91E8100DC509C /* ProximaNovaExCn-Bold.ttf in Resources */ = {isa = PBXBuildFile; fileRef = 05A968C226B91E8000DC509C /* ProximaNovaExCn-Bold.ttf */; };
		05A968ED26B91E8100DC509C /* ProximaNovaExCn-Regular.ttf in Resources */ = {isa = PBXBuildFile; fileRef = 05A968C326B91E8000DC509C /* ProximaNovaExCn-Regular.ttf */; };
		05A968EE26B91E8100DC509C /* ProximaNova-Light.ttf in Resources */ = {isa = PBXBuildFile; fileRef = 05A968C426B91E8000DC509C /* ProximaNova-Light.ttf */; };
		05A968EF26B91E8100DC509C /* ProximaNovaExCn-Semibold.ttf in Resources */ = {isa = PBXBuildFile; fileRef = 05A968C526B91E8000DC509C /* ProximaNovaExCn-Semibold.ttf */; };
		05A968F026B91E8100DC509C /* ProximaNovaT-Thin.ttf in Resources */ = {isa = PBXBuildFile; fileRef = 05A968C626B91E8000DC509C /* ProximaNovaT-Thin.ttf */; };
		05A968F126B91E8100DC509C /* ProximaNovaCond-Thin.ttf in Resources */ = {isa = PBXBuildFile; fileRef = 05A968C726B91E8000DC509C /* ProximaNovaCond-Thin.ttf */; };
		05A968F226B91E8100DC509C /* ProximaNovaExCn-Light.ttf in Resources */ = {isa = PBXBuildFile; fileRef = 05A968C826B91E8100DC509C /* ProximaNovaExCn-Light.ttf */; };
		05A968F326B91E8100DC509C /* ProximaNova-Black.ttf in Resources */ = {isa = PBXBuildFile; fileRef = 05A968C926B91E8100DC509C /* ProximaNova-Black.ttf */; };
		05A968F426B91E8100DC509C /* ProximaNovaCond-LightIt.ttf in Resources */ = {isa = PBXBuildFile; fileRef = 05A968CA26B91E8100DC509C /* ProximaNovaCond-LightIt.ttf */; };
		05A968F526B91E8100DC509C /* ProximaNovaCond-BlackIt.ttf in Resources */ = {isa = PBXBuildFile; fileRef = 05A968CB26B91E8100DC509C /* ProximaNovaCond-BlackIt.ttf */; };
		05A968F626B91E8100DC509C /* ProximaNovaExCn-LightIt.ttf in Resources */ = {isa = PBXBuildFile; fileRef = 05A968CC26B91E8100DC509C /* ProximaNovaExCn-LightIt.ttf */; };
		05A968F726B91E8100DC509C /* ProximaNovaExCn-RegularIt.ttf in Resources */ = {isa = PBXBuildFile; fileRef = 05A968CD26B91E8100DC509C /* ProximaNovaExCn-RegularIt.ttf */; };
		05A968F826B91E8100DC509C /* ProximaNovaCond-Extrabld.ttf in Resources */ = {isa = PBXBuildFile; fileRef = 05A968CE26B91E8100DC509C /* ProximaNovaCond-Extrabld.ttf */; };
		05A968F926B91E8100DC509C /* ProximaNovaCond-Semibold.ttf in Resources */ = {isa = PBXBuildFile; fileRef = 05A968CF26B91E8100DC509C /* ProximaNovaCond-Semibold.ttf */; };
		05A968FA26B91E8100DC509C /* ProximaNova-BoldIt.ttf in Resources */ = {isa = PBXBuildFile; fileRef = 05A968D026B91E8100DC509C /* ProximaNova-BoldIt.ttf */; };
		05A968FB26B91E8100DC509C /* ProximaNovaCond-Black.ttf in Resources */ = {isa = PBXBuildFile; fileRef = 05A968D126B91E8100DC509C /* ProximaNovaCond-Black.ttf */; };
		05A968FC26B91E8100DC509C /* ProximaNova-Semibold.ttf in Resources */ = {isa = PBXBuildFile; fileRef = 05A968D226B91E8100DC509C /* ProximaNova-Semibold.ttf */; };
		05A968FD26B91E8100DC509C /* ProximaNova-ExtrabldIt.ttf in Resources */ = {isa = PBXBuildFile; fileRef = 05A968D326B91E8100DC509C /* ProximaNova-ExtrabldIt.ttf */; };
		05A968FE26B91E8100DC509C /* ProximaNovaExCn-SemiboldIt.ttf in Resources */ = {isa = PBXBuildFile; fileRef = 05A968D426B91E8100DC509C /* ProximaNovaExCn-SemiboldIt.ttf */; };
		05A968FF26B91E8100DC509C /* ProximaNovaExCn-BoldIt.ttf in Resources */ = {isa = PBXBuildFile; fileRef = 05A968D526B91E8100DC509C /* ProximaNovaExCn-BoldIt.ttf */; };
		05A9690026B91E8100DC509C /* ProximaNovaCond-RegularIt.ttf in Resources */ = {isa = PBXBuildFile; fileRef = 05A968D626B91E8100DC509C /* ProximaNovaCond-RegularIt.ttf */; };
		05A9690126B91E8100DC509C /* ProximaNova-Bold.ttf in Resources */ = {isa = PBXBuildFile; fileRef = 05A968D726B91E8100DC509C /* ProximaNova-Bold.ttf */; };
		06CA08D3AD64C24B42057E47 /* Pods_WSR_Asia.framework in Frameworks */ = {isa = PBXBuildFile; fileRef = F13AB16070F2FA61BD2DDF33 /* Pods_WSR_Asia.framework */; };
		F5D6382126B914AD003359EE /* AppDelegate.swift in Sources */ = {isa = PBXBuildFile; fileRef = F5D6382026B914AD003359EE /* AppDelegate.swift */; };
		F5D6382326B914AD003359EE /* SceneDelegate.swift in Sources */ = {isa = PBXBuildFile; fileRef = F5D6382226B914AD003359EE /* SceneDelegate.swift */; };
		F5D6382526B914AD003359EE /* LoginViewController.swift in Sources */ = {isa = PBXBuildFile; fileRef = F5D6382426B914AD003359EE /* LoginViewController.swift */; };
		F5D6382826B914AD003359EE /* Main.storyboard in Resources */ = {isa = PBXBuildFile; fileRef = F5D6382626B914AD003359EE /* Main.storyboard */; };
		F5D6382A26B914AF003359EE /* Assets.xcassets in Resources */ = {isa = PBXBuildFile; fileRef = F5D6382926B914AF003359EE /* Assets.xcassets */; };
		F5D6382D26B914AF003359EE /* LaunchScreen.storyboard in Resources */ = {isa = PBXBuildFile; fileRef = F5D6382B26B914AF003359EE /* LaunchScreen.storyboard */; };
		F5D6383626B928B0003359EE /* ValidationHelper.swift in Sources */ = {isa = PBXBuildFile; fileRef = F5D6383526B928B0003359EE /* ValidationHelper.swift */; };
		F5D6383826B92A1F003359EE /* UITextFieldExxtension.swift in Sources */ = {isa = PBXBuildFile; fileRef = F5D6383726B92A1F003359EE /* UITextFieldExxtension.swift */; };
		F5D6383B26B92FD4003359EE /* SignIn.swift in Sources */ = {isa = PBXBuildFile; fileRef = F5D6383A26B92FD3003359EE /* SignIn.swift */; };
		F5D6383D26B9304B003359EE /* DataManagerr.swift in Sources */ = {isa = PBXBuildFile; fileRef = F5D6383C26B9304B003359EE /* DataManagerr.swift */; };
		F5D6383F26B93401003359EE /* Coordinator.swift in Sources */ = {isa = PBXBuildFile; fileRef = F5D6383E26B93401003359EE /* Coordinator.swift */; };
		F5D6384226B93555003359EE /* SplashViewController.swift in Sources */ = {isa = PBXBuildFile; fileRef = F5D6384126B93555003359EE /* SplashViewController.swift */; };
		F5D6384426B9355E003359EE /* HomeViewController.swift in Sources */ = {isa = PBXBuildFile; fileRef = F5D6384326B9355E003359EE /* HomeViewController.swift */; };
		F5D6384626B9384D003359EE /* Cases.swift in Sources */ = {isa = PBXBuildFile; fileRef = F5D6384526B9384D003359EE /* Cases.swift */; };
		F5D6384826B93879003359EE /* SymptomsHistory.swift in Sources */ = {isa = PBXBuildFile; fileRef = F5D6384726B93879003359EE /* SymptomsHistory.swift */; };
		F5D6384A26B93BF7003359EE /* DateExtension.swift in Sources */ = {isa = PBXBuildFile; fileRef = F5D6384926B93BF7003359EE /* DateExtension.swift */; };
		F5D6384C26B940AF003359EE /* UIColorExtension.swift in Sources */ = {isa = PBXBuildFile; fileRef = F5D6384B26B940AF003359EE /* UIColorExtension.swift */; };
		F5D6384E26B9434C003359EE /* UIButtonExtension.swift in Sources */ = {isa = PBXBuildFile; fileRef = F5D6384D26B9434C003359EE /* UIButtonExtension.swift */; };
/* End PBXBuildFile section */

/* Begin PBXFileReference section */
		05A968AE26B91E7F00DC509C /* ProximaNovaExCn-Thin.ttf */ = {isa = PBXFileReference; lastKnownFileType = file; path = "ProximaNovaExCn-Thin.ttf"; sourceTree = "<group>"; };
		05A968AF26B91E7F00DC509C /* ProximaNovaCond-Light.ttf */ = {isa = PBXFileReference; lastKnownFileType = file; path = "ProximaNovaCond-Light.ttf"; sourceTree = "<group>"; };
		05A968B026B91E8000DC509C /* ProximaNovaCond-BoldIt.ttf */ = {isa = PBXFileReference; lastKnownFileType = file; path = "ProximaNovaCond-BoldIt.ttf"; sourceTree = "<group>"; };
		05A968B126B91E8000DC509C /* ProximaNovaCond-SemiboldIt.ttf */ = {isa = PBXFileReference; lastKnownFileType = file; path = "ProximaNovaCond-SemiboldIt.ttf"; sourceTree = "<group>"; };
		05A968B226B91E8000DC509C /* ProximaNova-Regular.ttf */ = {isa = PBXFileReference; lastKnownFileType = file; path = "ProximaNova-Regular.ttf"; sourceTree = "<group>"; };
		05A968B326B91E8000DC509C /* ProximaNova-Extrabld.ttf */ = {isa = PBXFileReference; lastKnownFileType = file; path = "ProximaNova-Extrabld.ttf"; sourceTree = "<group>"; };
		05A968B426B91E8000DC509C /* ProximaNovaExCn-ThinIt.ttf */ = {isa = PBXFileReference; lastKnownFileType = file; path = "ProximaNovaExCn-ThinIt.ttf"; sourceTree = "<group>"; };
		05A968B526B91E8000DC509C /* ProximaNova-LightIt.ttf */ = {isa = PBXFileReference; lastKnownFileType = file; path = "ProximaNova-LightIt.ttf"; sourceTree = "<group>"; };
		05A968B626B91E8000DC509C /* ProximaNovaCond-Regular.ttf */ = {isa = PBXFileReference; lastKnownFileType = file; path = "ProximaNovaCond-Regular.ttf"; sourceTree = "<group>"; };
		05A968B726B91E8000DC509C /* ProximaNovaCond-ExtrabldIt.ttf */ = {isa = PBXFileReference; lastKnownFileType = file; path = "ProximaNovaCond-ExtrabldIt.ttf"; sourceTree = "<group>"; };
		05A968B826B91E8000DC509C /* ProximaNova-BlackIt.ttf */ = {isa = PBXFileReference; lastKnownFileType = file; path = "ProximaNova-BlackIt.ttf"; sourceTree = "<group>"; };
		05A968B926B91E8000DC509C /* ProximaNovaExCn-BlackIt.ttf */ = {isa = PBXFileReference; lastKnownFileType = file; path = "ProximaNovaExCn-BlackIt.ttf"; sourceTree = "<group>"; };
		05A968BA26B91E8000DC509C /* ProximaNovaCond-ThinIt.ttf */ = {isa = PBXFileReference; lastKnownFileType = file; path = "ProximaNovaCond-ThinIt.ttf"; sourceTree = "<group>"; };
		05A968BB26B91E8000DC509C /* ProximaNovaExCn-Extrabld.ttf */ = {isa = PBXFileReference; lastKnownFileType = file; path = "ProximaNovaExCn-Extrabld.ttf"; sourceTree = "<group>"; };
		05A968BC26B91E8000DC509C /* ProximaNovaExCn-ExtrabldIt.ttf */ = {isa = PBXFileReference; lastKnownFileType = file; path = "ProximaNovaExCn-ExtrabldIt.ttf"; sourceTree = "<group>"; };
		05A968BD26B91E8000DC509C /* ProximaNova-SemiboldIt.ttf */ = {isa = PBXFileReference; lastKnownFileType = file; path = "ProximaNova-SemiboldIt.ttf"; sourceTree = "<group>"; };
		05A968BE26B91E8000DC509C /* ProximaNova-ThinIt.ttf */ = {isa = PBXFileReference; lastKnownFileType = file; path = "ProximaNova-ThinIt.ttf"; sourceTree = "<group>"; };
		05A968BF26B91E8000DC509C /* ProximaNovaCond-Bold.ttf */ = {isa = PBXFileReference; lastKnownFileType = file; path = "ProximaNovaCond-Bold.ttf"; sourceTree = "<group>"; };
		05A968C026B91E8000DC509C /* ProximaNova-RegularIt.ttf */ = {isa = PBXFileReference; lastKnownFileType = file; path = "ProximaNova-RegularIt.ttf"; sourceTree = "<group>"; };
		05A968C126B91E8000DC509C /* ProximaNovaExCn-Black.ttf */ = {isa = PBXFileReference; lastKnownFileType = file; path = "ProximaNovaExCn-Black.ttf"; sourceTree = "<group>"; };
		05A968C226B91E8000DC509C /* ProximaNovaExCn-Bold.ttf */ = {isa = PBXFileReference; lastKnownFileType = file; path = "ProximaNovaExCn-Bold.ttf"; sourceTree = "<group>"; };
		05A968C326B91E8000DC509C /* ProximaNovaExCn-Regular.ttf */ = {isa = PBXFileReference; lastKnownFileType = file; path = "ProximaNovaExCn-Regular.ttf"; sourceTree = "<group>"; };
		05A968C426B91E8000DC509C /* ProximaNova-Light.ttf */ = {isa = PBXFileReference; lastKnownFileType = file; path = "ProximaNova-Light.ttf"; sourceTree = "<group>"; };
		05A968C526B91E8000DC509C /* ProximaNovaExCn-Semibold.ttf */ = {isa = PBXFileReference; lastKnownFileType = file; path = "ProximaNovaExCn-Semibold.ttf"; sourceTree = "<group>"; };
		05A968C626B91E8000DC509C /* ProximaNovaT-Thin.ttf */ = {isa = PBXFileReference; lastKnownFileType = file; path = "ProximaNovaT-Thin.ttf"; sourceTree = "<group>"; };
		05A968C726B91E8000DC509C /* ProximaNovaCond-Thin.ttf */ = {isa = PBXFileReference; lastKnownFileType = file; path = "ProximaNovaCond-Thin.ttf"; sourceTree = "<group>"; };
		05A968C826B91E8100DC509C /* ProximaNovaExCn-Light.ttf */ = {isa = PBXFileReference; lastKnownFileType = file; path = "ProximaNovaExCn-Light.ttf"; sourceTree = "<group>"; };
		05A968C926B91E8100DC509C /* ProximaNova-Black.ttf */ = {isa = PBXFileReference; lastKnownFileType = file; path = "ProximaNova-Black.ttf"; sourceTree = "<group>"; };
		05A968CA26B91E8100DC509C /* ProximaNovaCond-LightIt.ttf */ = {isa = PBXFileReference; lastKnownFileType = file; path = "ProximaNovaCond-LightIt.ttf"; sourceTree = "<group>"; };
		05A968CB26B91E8100DC509C /* ProximaNovaCond-BlackIt.ttf */ = {isa = PBXFileReference; lastKnownFileType = file; path = "ProximaNovaCond-BlackIt.ttf"; sourceTree = "<group>"; };
		05A968CC26B91E8100DC509C /* ProximaNovaExCn-LightIt.ttf */ = {isa = PBXFileReference; lastKnownFileType = file; path = "ProximaNovaExCn-LightIt.ttf"; sourceTree = "<group>"; };
		05A968CD26B91E8100DC509C /* ProximaNovaExCn-RegularIt.ttf */ = {isa = PBXFileReference; lastKnownFileType = file; path = "ProximaNovaExCn-RegularIt.ttf"; sourceTree = "<group>"; };
		05A968CE26B91E8100DC509C /* ProximaNovaCond-Extrabld.ttf */ = {isa = PBXFileReference; lastKnownFileType = file; path = "ProximaNovaCond-Extrabld.ttf"; sourceTree = "<group>"; };
		05A968CF26B91E8100DC509C /* ProximaNovaCond-Semibold.ttf */ = {isa = PBXFileReference; lastKnownFileType = file; path = "ProximaNovaCond-Semibold.ttf"; sourceTree = "<group>"; };
		05A968D026B91E8100DC509C /* ProximaNova-BoldIt.ttf */ = {isa = PBXFileReference; lastKnownFileType = file; path = "ProximaNova-BoldIt.ttf"; sourceTree = "<group>"; };
		05A968D126B91E8100DC509C /* ProximaNovaCond-Black.ttf */ = {isa = PBXFileReference; lastKnownFileType = file; path = "ProximaNovaCond-Black.ttf"; sourceTree = "<group>"; };
		05A968D226B91E8100DC509C /* ProximaNova-Semibold.ttf */ = {isa = PBXFileReference; lastKnownFileType = file; path = "ProximaNova-Semibold.ttf"; sourceTree = "<group>"; };
		05A968D326B91E8100DC509C /* ProximaNova-ExtrabldIt.ttf */ = {isa = PBXFileReference; lastKnownFileType = file; path = "ProximaNova-ExtrabldIt.ttf"; sourceTree = "<group>"; };
		05A968D426B91E8100DC509C /* ProximaNovaExCn-SemiboldIt.ttf */ = {isa = PBXFileReference; lastKnownFileType = file; path = "ProximaNovaExCn-SemiboldIt.ttf"; sourceTree = "<group>"; };
		05A968D526B91E8100DC509C /* ProximaNovaExCn-BoldIt.ttf */ = {isa = PBXFileReference; lastKnownFileType = file; path = "ProximaNovaExCn-BoldIt.ttf"; sourceTree = "<group>"; };
		05A968D626B91E8100DC509C /* ProximaNovaCond-RegularIt.ttf */ = {isa = PBXFileReference; lastKnownFileType = file; path = "ProximaNovaCond-RegularIt.ttf"; sourceTree = "<group>"; };
		05A968D726B91E8100DC509C /* ProximaNova-Bold.ttf */ = {isa = PBXFileReference; lastKnownFileType = file; path = "ProximaNova-Bold.ttf"; sourceTree = "<group>"; };
		97F2DAFB17640F3DCCC4F1EF /* Pods-WSR-Asia.release.xcconfig */ = {isa = PBXFileReference; includeInIndex = 1; lastKnownFileType = text.xcconfig; name = "Pods-WSR-Asia.release.xcconfig"; path = "Target Support Files/Pods-WSR-Asia/Pods-WSR-Asia.release.xcconfig"; sourceTree = "<group>"; };
		ED45B55A4E36BEA7DF5CD3DD /* Pods-WSR-Asia.debug.xcconfig */ = {isa = PBXFileReference; includeInIndex = 1; lastKnownFileType = text.xcconfig; name = "Pods-WSR-Asia.debug.xcconfig"; path = "Target Support Files/Pods-WSR-Asia/Pods-WSR-Asia.debug.xcconfig"; sourceTree = "<group>"; };
		F13AB16070F2FA61BD2DDF33 /* Pods_WSR_Asia.framework */ = {isa = PBXFileReference; explicitFileType = wrapper.framework; includeInIndex = 0; path = Pods_WSR_Asia.framework; sourceTree = BUILT_PRODUCTS_DIR; };
		F5D6381D26B914AD003359EE /* WSR-Asia.app */ = {isa = PBXFileReference; explicitFileType = wrapper.application; includeInIndex = 0; path = "WSR-Asia.app"; sourceTree = BUILT_PRODUCTS_DIR; };
		F5D6382026B914AD003359EE /* AppDelegate.swift */ = {isa = PBXFileReference; lastKnownFileType = sourcecode.swift; path = AppDelegate.swift; sourceTree = "<group>"; };
		F5D6382226B914AD003359EE /* SceneDelegate.swift */ = {isa = PBXFileReference; lastKnownFileType = sourcecode.swift; path = SceneDelegate.swift; sourceTree = "<group>"; };
		F5D6382426B914AD003359EE /* LoginViewController.swift */ = {isa = PBXFileReference; lastKnownFileType = sourcecode.swift; path = LoginViewController.swift; sourceTree = "<group>"; };
		F5D6382726B914AD003359EE /* Base */ = {isa = PBXFileReference; lastKnownFileType = file.storyboard; name = Base; path = Base.lproj/Main.storyboard; sourceTree = "<group>"; };
		F5D6382926B914AF003359EE /* Assets.xcassets */ = {isa = PBXFileReference; lastKnownFileType = folder.assetcatalog; path = Assets.xcassets; sourceTree = "<group>"; };
		F5D6382C26B914AF003359EE /* Base */ = {isa = PBXFileReference; lastKnownFileType = file.storyboard; name = Base; path = Base.lproj/LaunchScreen.storyboard; sourceTree = "<group>"; };
		F5D6382E26B914AF003359EE /* Info.plist */ = {isa = PBXFileReference; lastKnownFileType = text.plist.xml; path = Info.plist; sourceTree = "<group>"; };
		F5D6383526B928B0003359EE /* ValidationHelper.swift */ = {isa = PBXFileReference; lastKnownFileType = sourcecode.swift; path = ValidationHelper.swift; sourceTree = "<group>"; };
		F5D6383726B92A1F003359EE /* UITextFieldExxtension.swift */ = {isa = PBXFileReference; lastKnownFileType = sourcecode.swift; path = UITextFieldExxtension.swift; sourceTree = "<group>"; };
		F5D6383A26B92FD3003359EE /* SignIn.swift */ = {isa = PBXFileReference; lastKnownFileType = sourcecode.swift; path = SignIn.swift; sourceTree = "<group>"; };
		F5D6383C26B9304B003359EE /* DataManagerr.swift */ = {isa = PBXFileReference; lastKnownFileType = sourcecode.swift; path = DataManagerr.swift; sourceTree = "<group>"; };
		F5D6383E26B93401003359EE /* Coordinator.swift */ = {isa = PBXFileReference; lastKnownFileType = sourcecode.swift; path = Coordinator.swift; sourceTree = "<group>"; };
		F5D6384126B93555003359EE /* SplashViewController.swift */ = {isa = PBXFileReference; lastKnownFileType = sourcecode.swift; path = SplashViewController.swift; sourceTree = "<group>"; };
		F5D6384326B9355E003359EE /* HomeViewController.swift */ = {isa = PBXFileReference; lastKnownFileType = sourcecode.swift; path = HomeViewController.swift; sourceTree = "<group>"; };
		F5D6384526B9384D003359EE /* Cases.swift */ = {isa = PBXFileReference; lastKnownFileType = sourcecode.swift; path = Cases.swift; sourceTree = "<group>"; };
		F5D6384726B93879003359EE /* SymptomsHistory.swift */ = {isa = PBXFileReference; lastKnownFileType = sourcecode.swift; path = SymptomsHistory.swift; sourceTree = "<group>"; };
		F5D6384926B93BF7003359EE /* DateExtension.swift */ = {isa = PBXFileReference; lastKnownFileType = sourcecode.swift; path = DateExtension.swift; sourceTree = "<group>"; };
		F5D6384B26B940AF003359EE /* UIColorExtension.swift */ = {isa = PBXFileReference; lastKnownFileType = sourcecode.swift; path = UIColorExtension.swift; sourceTree = "<group>"; };
		F5D6384D26B9434C003359EE /* UIButtonExtension.swift */ = {isa = PBXFileReference; lastKnownFileType = sourcecode.swift; path = UIButtonExtension.swift; sourceTree = "<group>"; };
/* End PBXFileReference section */

/* Begin PBXFrameworksBuildPhase section */
		F5D6381A26B914AD003359EE /* Frameworks */ = {
			isa = PBXFrameworksBuildPhase;
			buildActionMask = 2147483647;
			files = (
				06CA08D3AD64C24B42057E47 /* Pods_WSR_Asia.framework in Frameworks */,
			);
			runOnlyForDeploymentPostprocessing = 0;
		};
/* End PBXFrameworksBuildPhase section */

/* Begin PBXGroup section */
		05A968AC26B91E5F00DC509C /* Recources */ = {
			isa = PBXGroup;
			children = (
				05A968AD26B91E6A00DC509C /* Fonts */,
			);
			path = Recources;
			sourceTree = "<group>";
		};
		05A968AD26B91E6A00DC509C /* Fonts */ = {
			isa = PBXGroup;
			children = (
				05A968C926B91E8100DC509C /* ProximaNova-Black.ttf */,
				05A968B826B91E8000DC509C /* ProximaNova-BlackIt.ttf */,
				05A968D726B91E8100DC509C /* ProximaNova-Bold.ttf */,
				05A968D026B91E8100DC509C /* ProximaNova-BoldIt.ttf */,
				05A968B326B91E8000DC509C /* ProximaNova-Extrabld.ttf */,
				05A968D326B91E8100DC509C /* ProximaNova-ExtrabldIt.ttf */,
				05A968C426B91E8000DC509C /* ProximaNova-Light.ttf */,
				05A968B526B91E8000DC509C /* ProximaNova-LightIt.ttf */,
				05A968B226B91E8000DC509C /* ProximaNova-Regular.ttf */,
				05A968C026B91E8000DC509C /* ProximaNova-RegularIt.ttf */,
				05A968D226B91E8100DC509C /* ProximaNova-Semibold.ttf */,
				05A968BD26B91E8000DC509C /* ProximaNova-SemiboldIt.ttf */,
				05A968BE26B91E8000DC509C /* ProximaNova-ThinIt.ttf */,
				05A968D126B91E8100DC509C /* ProximaNovaCond-Black.ttf */,
				05A968CB26B91E8100DC509C /* ProximaNovaCond-BlackIt.ttf */,
				05A968BF26B91E8000DC509C /* ProximaNovaCond-Bold.ttf */,
				05A968B026B91E8000DC509C /* ProximaNovaCond-BoldIt.ttf */,
				05A968CE26B91E8100DC509C /* ProximaNovaCond-Extrabld.ttf */,
				05A968B726B91E8000DC509C /* ProximaNovaCond-ExtrabldIt.ttf */,
				05A968AF26B91E7F00DC509C /* ProximaNovaCond-Light.ttf */,
				05A968CA26B91E8100DC509C /* ProximaNovaCond-LightIt.ttf */,
				05A968B626B91E8000DC509C /* ProximaNovaCond-Regular.ttf */,
				05A968D626B91E8100DC509C /* ProximaNovaCond-RegularIt.ttf */,
				05A968CF26B91E8100DC509C /* ProximaNovaCond-Semibold.ttf */,
				05A968B126B91E8000DC509C /* ProximaNovaCond-SemiboldIt.ttf */,
				05A968C726B91E8000DC509C /* ProximaNovaCond-Thin.ttf */,
				05A968BA26B91E8000DC509C /* ProximaNovaCond-ThinIt.ttf */,
				05A968C126B91E8000DC509C /* ProximaNovaExCn-Black.ttf */,
				05A968B926B91E8000DC509C /* ProximaNovaExCn-BlackIt.ttf */,
				05A968C226B91E8000DC509C /* ProximaNovaExCn-Bold.ttf */,
				05A968D526B91E8100DC509C /* ProximaNovaExCn-BoldIt.ttf */,
				05A968BB26B91E8000DC509C /* ProximaNovaExCn-Extrabld.ttf */,
				05A968BC26B91E8000DC509C /* ProximaNovaExCn-ExtrabldIt.ttf */,
				05A968C826B91E8100DC509C /* ProximaNovaExCn-Light.ttf */,
				05A968CC26B91E8100DC509C /* ProximaNovaExCn-LightIt.ttf */,
				05A968C326B91E8000DC509C /* ProximaNovaExCn-Regular.ttf */,
				05A968CD26B91E8100DC509C /* ProximaNovaExCn-RegularIt.ttf */,
				05A968C526B91E8000DC509C /* ProximaNovaExCn-Semibold.ttf */,
				05A968D426B91E8100DC509C /* ProximaNovaExCn-SemiboldIt.ttf */,
				05A968AE26B91E7F00DC509C /* ProximaNovaExCn-Thin.ttf */,
				05A968B426B91E8000DC509C /* ProximaNovaExCn-ThinIt.ttf */,
				05A968C626B91E8000DC509C /* ProximaNovaT-Thin.ttf */,
			);
			path = Fonts;
			sourceTree = "<group>";
		};
		BE513D0D3299F8B96FC664F2 /* Pods */ = {
			isa = PBXGroup;
			children = (
				ED45B55A4E36BEA7DF5CD3DD /* Pods-WSR-Asia.debug.xcconfig */,
				97F2DAFB17640F3DCCC4F1EF /* Pods-WSR-Asia.release.xcconfig */,
			);
			path = Pods;
			sourceTree = "<group>";
		};
		F27316D7D51EA67B6AD73CAC /* Frameworks */ = {
			isa = PBXGroup;
			children = (
				F13AB16070F2FA61BD2DDF33 /* Pods_WSR_Asia.framework */,
			);
			name = Frameworks;
			sourceTree = "<group>";
		};
		F5D6381426B914AC003359EE = {
			isa = PBXGroup;
			children = (
				F5D6381F26B914AD003359EE /* WSR-Asia */,
				F5D6381E26B914AD003359EE /* Products */,
				BE513D0D3299F8B96FC664F2 /* Pods */,
				F27316D7D51EA67B6AD73CAC /* Frameworks */,
			);
			sourceTree = "<group>";
		};
		F5D6381E26B914AD003359EE /* Products */ = {
			isa = PBXGroup;
			children = (
				F5D6381D26B914AD003359EE /* WSR-Asia.app */,
			);
			name = Products;
			sourceTree = "<group>";
		};
		F5D6381F26B914AD003359EE /* WSR-Asia */ = {
			isa = PBXGroup;
			children = (
				F5D6383926B92FC6003359EE /* Models */,
				05A968AC26B91E5F00DC509C /* Recources */,
				F5D6383426B9289D003359EE /* Helpers */,
				F5D6382026B914AD003359EE /* AppDelegate.swift */,
				F5D6382226B914AD003359EE /* SceneDelegate.swift */,
				F5D6384026B93539003359EE /* View Controllers */,
				F5D6382626B914AD003359EE /* Main.storyboard */,
				F5D6382926B914AF003359EE /* Assets.xcassets */,
				F5D6382B26B914AF003359EE /* LaunchScreen.storyboard */,
				F5D6382E26B914AF003359EE /* Info.plist */,
			);
			path = "WSR-Asia";
			sourceTree = "<group>";
		};
		F5D6383426B9289D003359EE /* Helpers */ = {
			isa = PBXGroup;
			children = (
				F5D6383526B928B0003359EE /* ValidationHelper.swift */,
				F5D6383726B92A1F003359EE /* UITextFieldExxtension.swift */,
				F5D6383C26B9304B003359EE /* DataManagerr.swift */,
				F5D6383E26B93401003359EE /* Coordinator.swift */,
				F5D6384926B93BF7003359EE /* DateExtension.swift */,
				F5D6384B26B940AF003359EE /* UIColorExtension.swift */,
				F5D6384D26B9434C003359EE /* UIButtonExtension.swift */,
			);
			path = Helpers;
			sourceTree = "<group>";
		};
		F5D6383926B92FC6003359EE /* Models */ = {
			isa = PBXGroup;
			children = (
				F5D6383A26B92FD3003359EE /* SignIn.swift */,
				F5D6384526B9384D003359EE /* Cases.swift */,
				F5D6384726B93879003359EE /* SymptomsHistory.swift */,
			);
			path = Models;
			sourceTree = "<group>";
		};
		F5D6384026B93539003359EE /* View Controllers */ = {
			isa = PBXGroup;
			children = (
				F5D6382426B914AD003359EE /* LoginViewController.swift */,
				F5D6384126B93555003359EE /* SplashViewController.swift */,
				F5D6384326B9355E003359EE /* HomeViewController.swift */,
			);
			path = "View Controllers";
			sourceTree = "<group>";
		};
/* End PBXGroup section */

/* Begin PBXNativeTarget section */
		F5D6381C26B914AD003359EE /* WSR-Asia */ = {
			isa = PBXNativeTarget;
			buildConfigurationList = F5D6383126B914AF003359EE /* Build configuration list for PBXNativeTarget "WSR-Asia" */;
			buildPhases = (
				6CC26052C5E9E3A490C2B176 /* [CP] Check Pods Manifest.lock */,
				F5D6381926B914AD003359EE /* Sources */,
				F5D6381A26B914AD003359EE /* Frameworks */,
				F5D6381B26B914AD003359EE /* Resources */,
				485DDD8999EEA05B0F2F43D8 /* [CP] Embed Pods Frameworks */,
			);
			buildRules = (
			);
			dependencies = (
			);
			name = "WSR-Asia";
			productName = "WSR-Asia";
			productReference = F5D6381D26B914AD003359EE /* WSR-Asia.app */;
			productType = "com.apple.product-type.application";
		};
/* End PBXNativeTarget section */

/* Begin PBXProject section */
		F5D6381526B914AC003359EE /* Project object */ = {
			isa = PBXProject;
			attributes = {
				LastSwiftUpdateCheck = 1250;
				LastUpgradeCheck = 1250;
				TargetAttributes = {
					F5D6381C26B914AD003359EE = {
						CreatedOnToolsVersion = 12.5.1;
					};
				};
			};
			buildConfigurationList = F5D6381826B914AC003359EE /* Build configuration list for PBXProject "WSR-Asia" */;
			compatibilityVersion = "Xcode 9.3";
			developmentRegion = en;
			hasScannedForEncodings = 0;
			knownRegions = (
				en,
				Base,
			);
			mainGroup = F5D6381426B914AC003359EE;
			productRefGroup = F5D6381E26B914AD003359EE /* Products */;
			projectDirPath = "";
			projectRoot = "";
			targets = (
				F5D6381C26B914AD003359EE /* WSR-Asia */,
			);
		};
/* End PBXProject section */

/* Begin PBXResourcesBuildPhase section */
		F5D6381B26B914AD003359EE /* Resources */ = {
			isa = PBXResourcesBuildPhase;
			buildActionMask = 2147483647;
			files = (
				05A968F226B91E8100DC509C /* ProximaNovaExCn-Light.ttf in Resources */,
				05A968EE26B91E8100DC509C /* ProximaNova-Light.ttf in Resources */,
				F5D6382D26B914AF003359EE /* LaunchScreen.storyboard in Resources */,
				05A968F126B91E8100DC509C /* ProximaNovaCond-Thin.ttf in Resources */,
				05A9690126B91E8100DC509C /* ProximaNova-Bold.ttf in Resources */,
				F5D6382A26B914AF003359EE /* Assets.xcassets in Resources */,
				05A968E626B91E8100DC509C /* ProximaNovaExCn-ExtrabldIt.ttf in Resources */,
				05A968FF26B91E8100DC509C /* ProximaNovaExCn-BoldIt.ttf in Resources */,
				05A968DD26B91E8100DC509C /* ProximaNova-Extrabld.ttf in Resources */,
				05A968D926B91E8100DC509C /* ProximaNovaCond-Light.ttf in Resources */,
				05A968EB26B91E8100DC509C /* ProximaNovaExCn-Black.ttf in Resources */,
				05A968EA26B91E8100DC509C /* ProximaNova-RegularIt.ttf in Resources */,
				05A968F926B91E8100DC509C /* ProximaNovaCond-Semibold.ttf in Resources */,
				05A968F326B91E8100DC509C /* ProximaNova-Black.ttf in Resources */,
				05A968FC26B91E8100DC509C /* ProximaNova-Semibold.ttf in Resources */,
				05A968DA26B91E8100DC509C /* ProximaNovaCond-BoldIt.ttf in Resources */,
				05A968D826B91E8100DC509C /* ProximaNovaExCn-Thin.ttf in Resources */,
				05A968F626B91E8100DC509C /* ProximaNovaExCn-LightIt.ttf in Resources */,
				05A968E926B91E8100DC509C /* ProximaNovaCond-Bold.ttf in Resources */,
				05A968E526B91E8100DC509C /* ProximaNovaExCn-Extrabld.ttf in Resources */,
				05A968FA26B91E8100DC509C /* ProximaNova-BoldIt.ttf in Resources */,
				05A968DB26B91E8100DC509C /* ProximaNovaCond-SemiboldIt.ttf in Resources */,
				05A968DC26B91E8100DC509C /* ProximaNova-Regular.ttf in Resources */,
				05A968F426B91E8100DC509C /* ProximaNovaCond-LightIt.ttf in Resources */,
				05A968F726B91E8100DC509C /* ProximaNovaExCn-RegularIt.ttf in Resources */,
				05A968FD26B91E8100DC509C /* ProximaNova-ExtrabldIt.ttf in Resources */,
				05A968FB26B91E8100DC509C /* ProximaNovaCond-Black.ttf in Resources */,
				05A968FE26B91E8100DC509C /* ProximaNovaExCn-SemiboldIt.ttf in Resources */,
				05A968F526B91E8100DC509C /* ProximaNovaCond-BlackIt.ttf in Resources */,
				05A968E226B91E8100DC509C /* ProximaNova-BlackIt.ttf in Resources */,
				F5D6382826B914AD003359EE /* Main.storyboard in Resources */,
				05A968EF26B91E8100DC509C /* ProximaNovaExCn-Semibold.ttf in Resources */,
				05A968DE26B91E8100DC509C /* ProximaNovaExCn-ThinIt.ttf in Resources */,
				05A968E726B91E8100DC509C /* ProximaNova-SemiboldIt.ttf in Resources */,
				05A968E426B91E8100DC509C /* ProximaNovaCond-ThinIt.ttf in Resources */,
				05A968E826B91E8100DC509C /* ProximaNova-ThinIt.ttf in Resources */,
				05A968ED26B91E8100DC509C /* ProximaNovaExCn-Regular.ttf in Resources */,
				05A968E126B91E8100DC509C /* ProximaNovaCond-ExtrabldIt.ttf in Resources */,
				05A968EC26B91E8100DC509C /* ProximaNovaExCn-Bold.ttf in Resources */,
				05A968E026B91E8100DC509C /* ProximaNovaCond-Regular.ttf in Resources */,
				05A968F026B91E8100DC509C /* ProximaNovaT-Thin.ttf in Resources */,
				05A968DF26B91E8100DC509C /* ProximaNova-LightIt.ttf in Resources */,
				05A9690026B91E8100DC509C /* ProximaNovaCond-RegularIt.ttf in Resources */,
				05A968E326B91E8100DC509C /* ProximaNovaExCn-BlackIt.ttf in Resources */,
				05A968F826B91E8100DC509C /* ProximaNovaCond-Extrabld.ttf in Resources */,
			);
			runOnlyForDeploymentPostprocessing = 0;
		};
/* End PBXResourcesBuildPhase section */

/* Begin PBXShellScriptBuildPhase section */
		485DDD8999EEA05B0F2F43D8 /* [CP] Embed Pods Frameworks */ = {
			isa = PBXShellScriptBuildPhase;
			buildActionMask = 2147483647;
			files = (
			);
			inputFileListPaths = (
				"${PODS_ROOT}/Target Support Files/Pods-WSR-Asia/Pods-WSR-Asia-frameworks-${CONFIGURATION}-input-files.xcfilelist",
			);
			name = "[CP] Embed Pods Frameworks";
			outputFileListPaths = (
				"${PODS_ROOT}/Target Support Files/Pods-WSR-Asia/Pods-WSR-Asia-frameworks-${CONFIGURATION}-output-files.xcfilelist",
			);
			runOnlyForDeploymentPostprocessing = 0;
			shellPath = /bin/sh;
			shellScript = "\"${PODS_ROOT}/Target Support Files/Pods-WSR-Asia/Pods-WSR-Asia-frameworks.sh\"\n";
			showEnvVarsInLog = 0;
		};
		6CC26052C5E9E3A490C2B176 /* [CP] Check Pods Manifest.lock */ = {
			isa = PBXShellScriptBuildPhase;
			buildActionMask = 2147483647;
			files = (
			);
			inputFileListPaths = (
			);
			inputPaths = (
				"${PODS_PODFILE_DIR_PATH}/Podfile.lock",
				"${PODS_ROOT}/Manifest.lock",
			);
			name = "[CP] Check Pods Manifest.lock";
			outputFileListPaths = (
			);
			outputPaths = (
				"$(DERIVED_FILE_DIR)/Pods-WSR-Asia-checkManifestLockResult.txt",
			);
			runOnlyForDeploymentPostprocessing = 0;
			shellPath = /bin/sh;
			shellScript = "diff \"${PODS_PODFILE_DIR_PATH}/Podfile.lock\" \"${PODS_ROOT}/Manifest.lock\" > /dev/null\nif [ $? != 0 ] ; then\n    # print error to STDERR\n    echo \"error: The sandbox is not in sync with the Podfile.lock. Run 'pod install' or update your CocoaPods installation.\" >&2\n    exit 1\nfi\n# This output is used by Xcode 'outputs' to avoid re-running this script phase.\necho \"SUCCESS\" > \"${SCRIPT_OUTPUT_FILE_0}\"\n";
			showEnvVarsInLog = 0;
		};
/* End PBXShellScriptBuildPhase section */

/* Begin PBXSourcesBuildPhase section */
		F5D6381926B914AD003359EE /* Sources */ = {
			isa = PBXSourcesBuildPhase;
			buildActionMask = 2147483647;
			files = (
				F5D6383F26B93401003359EE /* Coordinator.swift in Sources */,
				F5D6384C26B940AF003359EE /* UIColorExtension.swift in Sources */,
				F5D6383626B928B0003359EE /* ValidationHelper.swift in Sources */,
				F5D6384626B9384D003359EE /* Cases.swift in Sources */,
				F5D6383D26B9304B003359EE /* DataManagerr.swift in Sources */,
				F5D6384226B93555003359EE /* SplashViewController.swift in Sources */,
				F5D6384A26B93BF7003359EE /* DateExtension.swift in Sources */,
				F5D6383B26B92FD4003359EE /* SignIn.swift in Sources */,
				F5D6384826B93879003359EE /* SymptomsHistory.swift in Sources */,
				F5D6384426B9355E003359EE /* HomeViewController.swift in Sources */,
				F5D6382526B914AD003359EE /* LoginViewController.swift in Sources */,
				F5D6384E26B9434C003359EE /* UIButtonExtension.swift in Sources */,
				F5D6382126B914AD003359EE /* AppDelegate.swift in Sources */,
				F5D6382326B914AD003359EE /* SceneDelegate.swift in Sources */,
				F5D6383826B92A1F003359EE /* UITextFieldExxtension.swift in Sources */,
			);
			runOnlyForDeploymentPostprocessing = 0;
		};
/* End PBXSourcesBuildPhase section */

/* Begin PBXVariantGroup section */
		F5D6382626B914AD003359EE /* Main.storyboard */ = {
			isa = PBXVariantGroup;
			children = (
				F5D6382726B914AD003359EE /* Base */,
			);
			name = Main.storyboard;
			sourceTree = "<group>";
		};
		F5D6382B26B914AF003359EE /* LaunchScreen.storyboard */ = {
			isa = PBXVariantGroup;
			children = (
				F5D6382C26B914AF003359EE /* Base */,
			);
			name = LaunchScreen.storyboard;
			sourceTree = "<group>";
		};
/* End PBXVariantGroup section */

/* Begin XCBuildConfiguration section */
		F5D6382F26B914AF003359EE /* Debug */ = {
			isa = XCBuildConfiguration;
			buildSettings = {
				ALWAYS_SEARCH_USER_PATHS = NO;
				CLANG_ANALYZER_NONNULL = YES;
				CLANG_ANALYZER_NUMBER_OBJECT_CONVERSION = YES_AGGRESSIVE;
				CLANG_CXX_LANGUAGE_STANDARD = "gnu++14";
				CLANG_CXX_LIBRARY = "libc++";
				CLANG_ENABLE_MODULES = YES;
				CLANG_ENABLE_OBJC_ARC = YES;
				CLANG_ENABLE_OBJC_WEAK = YES;
				CLANG_WARN_BLOCK_CAPTURE_AUTORELEASING = YES;
				CLANG_WARN_BOOL_CONVERSION = YES;
				CLANG_WARN_COMMA = YES;
				CLANG_WARN_CONSTANT_CONVERSION = YES;
				CLANG_WARN_DEPRECATED_OBJC_IMPLEMENTATIONS = YES;
				CLANG_WARN_DIRECT_OBJC_ISA_USAGE = YES_ERROR;
				CLANG_WARN_DOCUMENTATION_COMMENTS = YES;
				CLANG_WARN_EMPTY_BODY = YES;
				CLANG_WARN_ENUM_CONVERSION = YES;
				CLANG_WARN_INFINITE_RECURSION = YES;
				CLANG_WARN_INT_CONVERSION = YES;
				CLANG_WARN_NON_LITERAL_NULL_CONVERSION = YES;
				CLANG_WARN_OBJC_IMPLICIT_RETAIN_SELF = YES;
				CLANG_WARN_OBJC_LITERAL_CONVERSION = YES;
				CLANG_WARN_OBJC_ROOT_CLASS = YES_ERROR;
				CLANG_WARN_QUOTED_INCLUDE_IN_FRAMEWORK_HEADER = YES;
				CLANG_WARN_RANGE_LOOP_ANALYSIS = YES;
				CLANG_WARN_STRICT_PROTOTYPES = YES;
				CLANG_WARN_SUSPICIOUS_MOVE = YES;
				CLANG_WARN_UNGUARDED_AVAILABILITY = YES_AGGRESSIVE;
				CLANG_WARN_UNREACHABLE_CODE = YES;
				CLANG_WARN__DUPLICATE_METHOD_MATCH = YES;
				COPY_PHASE_STRIP = NO;
				DEBUG_INFORMATION_FORMAT = dwarf;
				ENABLE_STRICT_OBJC_MSGSEND = YES;
				ENABLE_TESTABILITY = YES;
				GCC_C_LANGUAGE_STANDARD = gnu11;
				GCC_DYNAMIC_NO_PIC = NO;
				GCC_NO_COMMON_BLOCKS = YES;
				GCC_OPTIMIZATION_LEVEL = 0;
				GCC_PREPROCESSOR_DEFINITIONS = (
					"DEBUG=1",
					"$(inherited)",
				);
				GCC_WARN_64_TO_32_BIT_CONVERSION = YES;
				GCC_WARN_ABOUT_RETURN_TYPE = YES_ERROR;
				GCC_WARN_UNDECLARED_SELECTOR = YES;
				GCC_WARN_UNINITIALIZED_AUTOS = YES_AGGRESSIVE;
				GCC_WARN_UNUSED_FUNCTION = YES;
				GCC_WARN_UNUSED_VARIABLE = YES;
				IPHONEOS_DEPLOYMENT_TARGET = 14.5;
				MTL_ENABLE_DEBUG_INFO = INCLUDE_SOURCE;
				MTL_FAST_MATH = YES;
				ONLY_ACTIVE_ARCH = YES;
				SDKROOT = iphoneos;
				SWIFT_ACTIVE_COMPILATION_CONDITIONS = DEBUG;
				SWIFT_OPTIMIZATION_LEVEL = "-Onone";
			};
			name = Debug;
		};
		F5D6383026B914AF003359EE /* Release */ = {
			isa = XCBuildConfiguration;
			buildSettings = {
				ALWAYS_SEARCH_USER_PATHS = NO;
				CLANG_ANALYZER_NONNULL = YES;
				CLANG_ANALYZER_NUMBER_OBJECT_CONVERSION = YES_AGGRESSIVE;
				CLANG_CXX_LANGUAGE_STANDARD = "gnu++14";
				CLANG_CXX_LIBRARY = "libc++";
				CLANG_ENABLE_MODULES = YES;
				CLANG_ENABLE_OBJC_ARC = YES;
				CLANG_ENABLE_OBJC_WEAK = YES;
				CLANG_WARN_BLOCK_CAPTURE_AUTORELEASING = YES;
				CLANG_WARN_BOOL_CONVERSION = YES;
				CLANG_WARN_COMMA = YES;
				CLANG_WARN_CONSTANT_CONVERSION = YES;
				CLANG_WARN_DEPRECATED_OBJC_IMPLEMENTATIONS = YES;
				CLANG_WARN_DIRECT_OBJC_ISA_USAGE = YES_ERROR;
				CLANG_WARN_DOCUMENTATION_COMMENTS = YES;
				CLANG_WARN_EMPTY_BODY = YES;
				CLANG_WARN_ENUM_CONVERSION = YES;
				CLANG_WARN_INFINITE_RECURSION = YES;
				CLANG_WARN_INT_CONVERSION = YES;
				CLANG_WARN_NON_LITERAL_NULL_CONVERSION = YES;
				CLANG_WARN_OBJC_IMPLICIT_RETAIN_SELF = YES;
				CLANG_WARN_OBJC_LITERAL_CONVERSION = YES;
				CLANG_WARN_OBJC_ROOT_CLASS = YES_ERROR;
				CLANG_WARN_QUOTED_INCLUDE_IN_FRAMEWORK_HEADER = YES;
				CLANG_WARN_RANGE_LOOP_ANALYSIS = YES;
				CLANG_WARN_STRICT_PROTOTYPES = YES;
				CLANG_WARN_SUSPICIOUS_MOVE = YES;
				CLANG_WARN_UNGUARDED_AVAILABILITY = YES_AGGRESSIVE;
				CLANG_WARN_UNREACHABLE_CODE = YES;
				CLANG_WARN__DUPLICATE_METHOD_MATCH = YES;
				COPY_PHASE_STRIP = NO;
				DEBUG_INFORMATION_FORMAT = "dwarf-with-dsym";
				ENABLE_NS_ASSERTIONS = NO;
				ENABLE_STRICT_OBJC_MSGSEND = YES;
				GCC_C_LANGUAGE_STANDARD = gnu11;
				GCC_NO_COMMON_BLOCKS = YES;
				GCC_WARN_64_TO_32_BIT_CONVERSION = YES;
				GCC_WARN_ABOUT_RETURN_TYPE = YES_ERROR;
				GCC_WARN_UNDECLARED_SELECTOR = YES;
				GCC_WARN_UNINITIALIZED_AUTOS = YES_AGGRESSIVE;
				GCC_WARN_UNUSED_FUNCTION = YES;
				GCC_WARN_UNUSED_VARIABLE = YES;
				IPHONEOS_DEPLOYMENT_TARGET = 14.5;
				MTL_ENABLE_DEBUG_INFO = NO;
				MTL_FAST_MATH = YES;
				SDKROOT = iphoneos;
				SWIFT_COMPILATION_MODE = wholemodule;
				SWIFT_OPTIMIZATION_LEVEL = "-O";
				VALIDATE_PRODUCT = YES;
			};
			name = Release;
		};
		F5D6383226B914AF003359EE /* Debug */ = {
			isa = XCBuildConfiguration;
			baseConfigurationReference = ED45B55A4E36BEA7DF5CD3DD /* Pods-WSR-Asia.debug.xcconfig */;
			buildSettings = {
				ASSETCATALOG_COMPILER_APPICON_NAME = AppIcon;
				ASSETCATALOG_COMPILER_GLOBAL_ACCENT_COLOR_NAME = AccentColor;
				CODE_SIGN_STYLE = Automatic;
				DEVELOPMENT_TEAM = XYY68H4963;
				INFOPLIST_FILE = "WSR-Asia/Info.plist";
				IPHONEOS_DEPLOYMENT_TARGET = 14.1;
				LD_RUNPATH_SEARCH_PATHS = (
					"$(inherited)",
					"@executable_path/Frameworks",
				);
				PRODUCT_BUNDLE_IDENTIFIER = "me.alireza.WSR-Asia";
				PRODUCT_NAME = "$(TARGET_NAME)";
				SWIFT_VERSION = 5.0;
				TARGETED_DEVICE_FAMILY = "1,2";
			};
			name = Debug;
		};
		F5D6383326B914AF003359EE /* Release */ = {
			isa = XCBuildConfiguration;
			baseConfigurationReference = 97F2DAFB17640F3DCCC4F1EF /* Pods-WSR-Asia.release.xcconfig */;
			buildSettings = {
				ASSETCATALOG_COMPILER_APPICON_NAME = AppIcon;
				ASSETCATALOG_COMPILER_GLOBAL_ACCENT_COLOR_NAME = AccentColor;
				CODE_SIGN_STYLE = Automatic;
				DEVELOPMENT_TEAM = XYY68H4963;
				INFOPLIST_FILE = "WSR-Asia/Info.plist";
				IPHONEOS_DEPLOYMENT_TARGET = 14.1;
				LD_RUNPATH_SEARCH_PATHS = (
					"$(inherited)",
					"@executable_path/Frameworks",
				);
				PRODUCT_BUNDLE_IDENTIFIER = "me.alireza.WSR-Asia";
				PRODUCT_NAME = "$(TARGET_NAME)";
				SWIFT_VERSION = 5.0;
				TARGETED_DEVICE_FAMILY = "1,2";
			};
			name = Release;
		};
/* End XCBuildConfiguration section */

/* Begin XCConfigurationList section */
		F5D6381826B914AC003359EE /* Build configuration list for PBXProject "WSR-Asia" */ = {
			isa = XCConfigurationList;
			buildConfigurations = (
				F5D6382F26B914AF003359EE /* Debug */,
				F5D6383026B914AF003359EE /* Release */,
			);
			defaultConfigurationIsVisible = 0;
			defaultConfigurationName = Release;
		};
		F5D6383126B914AF003359EE /* Build configuration list for PBXNativeTarget "WSR-Asia" */ = {
			isa = XCConfigurationList;
			buildConfigurations = (
				F5D6383226B914AF003359EE /* Debug */,
				F5D6383326B914AF003359EE /* Release */,
			);
			defaultConfigurationIsVisible = 0;
			defaultConfigurationName = Release;
		};
/* End XCConfigurationList section */
	};
	rootObject = F5D6381526B914AC003359EE /* Project object */;
}
